// !$*UTF8*$!
{
	archiveVersion = 1;
	classes = {
	};
	objectVersion = 50;
	objects = {

/* Begin PBXBuildFile section */
		1307C06E22ABC83E0073DF6A /* AppDelegate.swift in Sources */ = {isa = PBXBuildFile; fileRef = 1307C06D22ABC83E0073DF6A /* AppDelegate.swift */; };
		1307C07322ABC83E0073DF6A /* Main.storyboard in Resources */ = {isa = PBXBuildFile; fileRef = 1307C07122ABC83E0073DF6A /* Main.storyboard */; };
		1307C07522ABC8430073DF6A /* Assets.xcassets in Resources */ = {isa = PBXBuildFile; fileRef = 1307C07422ABC8430073DF6A /* Assets.xcassets */; };
		1307C07822ABC8430073DF6A /* LaunchScreen.storyboard in Resources */ = {isa = PBXBuildFile; fileRef = 1307C07622ABC8430073DF6A /* LaunchScreen.storyboard */; };
		1307C08022AC0B380073DF6A /* ServiceManager.swift in Sources */ = {isa = PBXBuildFile; fileRef = 1307C07F22AC0B380073DF6A /* ServiceManager.swift */; };
		1307C08522AC0DE20073DF6A /* Album.swift in Sources */ = {isa = PBXBuildFile; fileRef = 1307C08422AC0DE20073DF6A /* Album.swift */; };
		1307C08722AC149B0073DF6A /* Result.swift in Sources */ = {isa = PBXBuildFile; fileRef = 1307C08622AC149B0073DF6A /* Result.swift */; };
		1307C08A22ACD3DB0073DF6A /* Photo.swift in Sources */ = {isa = PBXBuildFile; fileRef = 1307C08922ACD3DB0073DF6A /* Photo.swift */; };
		1307C08C22ACD6D20073DF6A /* PhotoViewController.swift in Sources */ = {isa = PBXBuildFile; fileRef = 1307C08B22ACD6D20073DF6A /* PhotoViewController.swift */; };
		1307C08E22ACD8610073DF6A /* PhotoCell.swift in Sources */ = {isa = PBXBuildFile; fileRef = 1307C08D22ACD8610073DF6A /* PhotoCell.swift */; };
		1307C09022AD09DF0073DF6A /* LodingView.swift in Sources */ = {isa = PBXBuildFile; fileRef = 1307C08F22AD09DF0073DF6A /* LodingView.swift */; };
		1307C09522AEAF4A0073DF6A /* ZoomTransitionController.swift in Sources */ = {isa = PBXBuildFile; fileRef = 1307C09222AEAF4A0073DF6A /* ZoomTransitionController.swift */; };
		1307C09622AEAF4A0073DF6A /* ZoomDismissalInteractionController.swift in Sources */ = {isa = PBXBuildFile; fileRef = 1307C09322AEAF4A0073DF6A /* ZoomDismissalInteractionController.swift */; };
		1307C09722AEAF4A0073DF6A /* ZoomAnimator.swift in Sources */ = {isa = PBXBuildFile; fileRef = 1307C09422AEAF4A0073DF6A /* ZoomAnimator.swift */; };
		1307C09B22AEAFCE0073DF6A /* PhotoZoomViewController.swift in Sources */ = {isa = PBXBuildFile; fileRef = 1307C09822AEAFCE0073DF6A /* PhotoZoomViewController.swift */; };
		1307C09C22AEAFCE0073DF6A /* PhotoPageContainerViewController.swift in Sources */ = {isa = PBXBuildFile; fileRef = 1307C09922AEAFCE0073DF6A /* PhotoPageContainerViewController.swift */; };
		1307C09F22AFA71D0073DF6A /* MainViewController.swift in Sources */ = {isa = PBXBuildFile; fileRef = 1307C09E22AFA71D0073DF6A /* MainViewController.swift */; };
/* End PBXBuildFile section */

/* Begin PBXFileReference section */
		1307C06A22ABC83E0073DF6A /* MediaMonksExercise.app */ = {isa = PBXFileReference; explicitFileType = wrapper.application; includeInIndex = 0; path = MediaMonksExercise.app; sourceTree = BUILT_PRODUCTS_DIR; };
		1307C06D22ABC83E0073DF6A /* AppDelegate.swift */ = {isa = PBXFileReference; lastKnownFileType = sourcecode.swift; path = AppDelegate.swift; sourceTree = "<group>"; };
		1307C07222ABC83E0073DF6A /* Base */ = {isa = PBXFileReference; lastKnownFileType = file.storyboard; name = Base; path = Base.lproj/Main.storyboard; sourceTree = "<group>"; };
		1307C07422ABC8430073DF6A /* Assets.xcassets */ = {isa = PBXFileReference; lastKnownFileType = folder.assetcatalog; path = Assets.xcassets; sourceTree = "<group>"; };
		1307C07722ABC8430073DF6A /* Base */ = {isa = PBXFileReference; lastKnownFileType = file.storyboard; name = Base; path = Base.lproj/LaunchScreen.storyboard; sourceTree = "<group>"; };
		1307C07922ABC8430073DF6A /* Info.plist */ = {isa = PBXFileReference; lastKnownFileType = text.plist.xml; path = Info.plist; sourceTree = "<group>"; };
		1307C07F22AC0B380073DF6A /* ServiceManager.swift */ = {isa = PBXFileReference; lastKnownFileType = sourcecode.swift; path = ServiceManager.swift; sourceTree = "<group>"; };
		1307C08422AC0DE20073DF6A /* Album.swift */ = {isa = PBXFileReference; lastKnownFileType = sourcecode.swift; path = Album.swift; sourceTree = "<group>"; };
		1307C08622AC149B0073DF6A /* Result.swift */ = {isa = PBXFileReference; lastKnownFileType = sourcecode.swift; path = Result.swift; sourceTree = "<group>"; };
		1307C08922ACD3DB0073DF6A /* Photo.swift */ = {isa = PBXFileReference; lastKnownFileType = sourcecode.swift; path = Photo.swift; sourceTree = "<group>"; };
		1307C08B22ACD6D20073DF6A /* PhotoViewController.swift */ = {isa = PBXFileReference; lastKnownFileType = sourcecode.swift; path = PhotoViewController.swift; sourceTree = "<group>"; };
		1307C08D22ACD8610073DF6A /* PhotoCell.swift */ = {isa = PBXFileReference; lastKnownFileType = sourcecode.swift; path = PhotoCell.swift; sourceTree = "<group>"; };
		1307C08F22AD09DF0073DF6A /* LodingView.swift */ = {isa = PBXFileReference; lastKnownFileType = sourcecode.swift; path = LodingView.swift; sourceTree = "<group>"; };
		1307C09222AEAF4A0073DF6A /* ZoomTransitionController.swift */ = {isa = PBXFileReference; fileEncoding = 4; lastKnownFileType = sourcecode.swift; path = ZoomTransitionController.swift; sourceTree = "<group>"; };
		1307C09322AEAF4A0073DF6A /* ZoomDismissalInteractionController.swift */ = {isa = PBXFileReference; fileEncoding = 4; lastKnownFileType = sourcecode.swift; path = ZoomDismissalInteractionController.swift; sourceTree = "<group>"; };
		1307C09422AEAF4A0073DF6A /* ZoomAnimator.swift */ = {isa = PBXFileReference; fileEncoding = 4; lastKnownFileType = sourcecode.swift; path = ZoomAnimator.swift; sourceTree = "<group>"; };
		1307C09822AEAFCE0073DF6A /* PhotoZoomViewController.swift */ = {isa = PBXFileReference; fileEncoding = 4; lastKnownFileType = sourcecode.swift; path = PhotoZoomViewController.swift; sourceTree = "<group>"; };
		1307C09922AEAFCE0073DF6A /* PhotoPageContainerViewController.swift */ = {isa = PBXFileReference; fileEncoding = 4; lastKnownFileType = sourcecode.swift; path = PhotoPageContainerViewController.swift; sourceTree = "<group>"; };
		1307C09E22AFA71D0073DF6A /* MainViewController.swift */ = {isa = PBXFileReference; fileEncoding = 4; lastKnownFileType = sourcecode.swift; path = MainViewController.swift; sourceTree = "<group>"; };
/* End PBXFileReference section */

/* Begin PBXFrameworksBuildPhase section */
		1307C06722ABC83E0073DF6A /* Frameworks */ = {
			isa = PBXFrameworksBuildPhase;
			buildActionMask = 2147483647;
			files = (
			);
			runOnlyForDeploymentPostprocessing = 0;
		};
/* End PBXFrameworksBuildPhase section */

/* Begin PBXGroup section */
		1307C06122ABC83E0073DF6A = {
			isa = PBXGroup;
			children = (
				1307C06C22ABC83E0073DF6A /* MediaMonksExercise */,
				1307C06B22ABC83E0073DF6A /* Products */,
			);
			sourceTree = "<group>";
		};
		1307C06B22ABC83E0073DF6A /* Products */ = {
			isa = PBXGroup;
			children = (
				1307C06A22ABC83E0073DF6A /* MediaMonksExercise.app */,
			);
			name = Products;
			sourceTree = "<group>";
		};
		1307C06C22ABC83E0073DF6A /* MediaMonksExercise */ = {
			isa = PBXGroup;
			children = (
				1307C09122AEAF4A0073DF6A /* Animation */,
				1307C08822ACB3A70073DF6A /* Comman */,
				1307C08222AC0DAE0073DF6A /* Controller */,
				1307C08322AC0DAE0073DF6A /* Model */,
				1307C08122AC0DAD0073DF6A /* Views */,
				1307C06D22ABC83E0073DF6A /* AppDelegate.swift */,
				1307C07122ABC83E0073DF6A /* Main.storyboard */,
				1307C07422ABC8430073DF6A /* Assets.xcassets */,
				1307C07622ABC8430073DF6A /* LaunchScreen.storyboard */,
				1307C07922ABC8430073DF6A /* Info.plist */,
			);
			path = MediaMonksExercise;
			sourceTree = "<group>";
		};
		1307C08122AC0DAD0073DF6A /* Views */ = {
			isa = PBXGroup;
			children = (
				1307C08D22ACD8610073DF6A /* PhotoCell.swift */,
			);
			path = Views;
			sourceTree = "<group>";
		};
		1307C08222AC0DAE0073DF6A /* Controller */ = {
			isa = PBXGroup;
			children = (
				1307C09E22AFA71D0073DF6A /* MainViewController.swift */,
				1307C09922AEAFCE0073DF6A /* PhotoPageContainerViewController.swift */,
				1307C09822AEAFCE0073DF6A /* PhotoZoomViewController.swift */,
				1307C08B22ACD6D20073DF6A /* PhotoViewController.swift */,
			);
			path = Controller;
			sourceTree = "<group>";
		};
		1307C08322AC0DAE0073DF6A /* Model */ = {
			isa = PBXGroup;
			children = (
				1307C08422AC0DE20073DF6A /* Album.swift */,
				1307C08922ACD3DB0073DF6A /* Photo.swift */,
			);
			path = Model;
			sourceTree = "<group>";
		};
		1307C08822ACB3A70073DF6A /* Comman */ = {
			isa = PBXGroup;
			children = (
				1307C07F22AC0B380073DF6A /* ServiceManager.swift */,
				1307C08622AC149B0073DF6A /* Result.swift */,
				1307C08F22AD09DF0073DF6A /* LodingView.swift */,
			);
			path = Comman;
			sourceTree = "<group>";
		};
		1307C09122AEAF4A0073DF6A /* Animation */ = {
			isa = PBXGroup;
			children = (
				1307C09222AEAF4A0073DF6A /* ZoomTransitionController.swift */,
				1307C09322AEAF4A0073DF6A /* ZoomDismissalInteractionController.swift */,
				1307C09422AEAF4A0073DF6A /* ZoomAnimator.swift */,
			);
			path = Animation;
			sourceTree = "<group>";
		};
/* End PBXGroup section */

/* Begin PBXNativeTarget section */
		1307C06922ABC83E0073DF6A /* MediaMonksExercise */ = {
			isa = PBXNativeTarget;
			buildConfigurationList = 1307C07C22ABC8430073DF6A /* Build configuration list for PBXNativeTarget "MediaMonksExercise" */;
			buildPhases = (
				1307C06622ABC83E0073DF6A /* Sources */,
				1307C06722ABC83E0073DF6A /* Frameworks */,
				1307C06822ABC83E0073DF6A /* Resources */,
			);
			buildRules = (
			);
			dependencies = (
			);
			name = MediaMonksExercise;
			productName = MediaMonksExercise;
			productReference = 1307C06A22ABC83E0073DF6A /* MediaMonksExercise.app */;
			productType = "com.apple.product-type.application";
		};
/* End PBXNativeTarget section */

/* Begin PBXProject section */
		1307C06222ABC83E0073DF6A /* Project object */ = {
			isa = PBXProject;
			attributes = {
				LastSwiftUpdateCheck = 1020;
				LastUpgradeCheck = 1020;
				ORGANIZATIONNAME = AmpleSolution;
				TargetAttributes = {
					1307C06922ABC83E0073DF6A = {
						CreatedOnToolsVersion = 10.2.1;
					};
				};
			};
			buildConfigurationList = 1307C06522ABC83E0073DF6A /* Build configuration list for PBXProject "MediaMonksExercise" */;
			compatibilityVersion = "Xcode 9.3";
			developmentRegion = en;
			hasScannedForEncodings = 0;
			knownRegions = (
				en,
				Base,
			);
			mainGroup = 1307C06122ABC83E0073DF6A;
			productRefGroup = 1307C06B22ABC83E0073DF6A /* Products */;
			projectDirPath = "";
			projectRoot = "";
			targets = (
				1307C06922ABC83E0073DF6A /* MediaMonksExercise */,
			);
		};
/* End PBXProject section */

/* Begin PBXResourcesBuildPhase section */
		1307C06822ABC83E0073DF6A /* Resources */ = {
			isa = PBXResourcesBuildPhase;
			buildActionMask = 2147483647;
			files = (
				1307C07822ABC8430073DF6A /* LaunchScreen.storyboard in Resources */,
				1307C07522ABC8430073DF6A /* Assets.xcassets in Resources */,
				1307C07322ABC83E0073DF6A /* Main.storyboard in Resources */,
			);
			runOnlyForDeploymentPostprocessing = 0;
		};
/* End PBXResourcesBuildPhase section */

/* Begin PBXSourcesBuildPhase section */
		1307C06622ABC83E0073DF6A /* Sources */ = {
			isa = PBXSourcesBuildPhase;
			buildActionMask = 2147483647;
			files = (
				1307C08A22ACD3DB0073DF6A /* Photo.swift in Sources */,
				1307C08722AC149B0073DF6A /* Result.swift in Sources */,
				1307C08E22ACD8610073DF6A /* PhotoCell.swift in Sources */,
				1307C09C22AEAFCE0073DF6A /* PhotoPageContainerViewController.swift in Sources */,
				1307C09022AD09DF0073DF6A /* LodingView.swift in Sources */,
				1307C09722AEAF4A0073DF6A /* ZoomAnimator.swift in Sources */,
				1307C06E22ABC83E0073DF6A /* AppDelegate.swift in Sources */,
				1307C09F22AFA71D0073DF6A /* MainViewController.swift in Sources */,
				1307C09622AEAF4A0073DF6A /* ZoomDismissalInteractionController.swift in Sources */,
				1307C08C22ACD6D20073DF6A /* PhotoViewController.swift in Sources */,
				1307C09522AEAF4A0073DF6A /* ZoomTransitionController.swift in Sources */,
				1307C08022AC0B380073DF6A /* ServiceManager.swift in Sources */,
				1307C09B22AEAFCE0073DF6A /* PhotoZoomViewController.swift in Sources */,
				1307C08522AC0DE20073DF6A /* Album.swift in Sources */,
			);
			runOnlyForDeploymentPostprocessing = 0;
		};
/* End PBXSourcesBuildPhase section */

/* Begin PBXVariantGroup section */
		1307C07122ABC83E0073DF6A /* Main.storyboard */ = {
			isa = PBXVariantGroup;
			children = (
				1307C07222ABC83E0073DF6A /* Base */,
			);
			name = Main.storyboard;
			sourceTree = "<group>";
		};
		1307C07622ABC8430073DF6A /* LaunchScreen.storyboard */ = {
			isa = PBXVariantGroup;
			children = (
				1307C07722ABC8430073DF6A /* Base */,
			);
			name = LaunchScreen.storyboard;
			sourceTree = "<group>";
		};
/* End PBXVariantGroup section */

/* Begin XCBuildConfiguration section */
		1307C07A22ABC8430073DF6A /* Debug */ = {
			isa = XCBuildConfiguration;
			buildSettings = {
				ALWAYS_SEARCH_USER_PATHS = NO;
				CLANG_ANALYZER_NONNULL = YES;
				CLANG_ANALYZER_NUMBER_OBJECT_CONVERSION = YES_AGGRESSIVE;
				CLANG_CXX_LANGUAGE_STANDARD = "gnu++14";
				CLANG_CXX_LIBRARY = "libc++";
				CLANG_ENABLE_MODULES = YES;
				CLANG_ENABLE_OBJC_ARC = YES;
				CLANG_ENABLE_OBJC_WEAK = YES;
				CLANG_WARN_BLOCK_CAPTURE_AUTORELEASING = YES;
				CLANG_WARN_BOOL_CONVERSION = YES;
				CLANG_WARN_COMMA = YES;
				CLANG_WARN_CONSTANT_CONVERSION = YES;
				CLANG_WARN_DEPRECATED_OBJC_IMPLEMENTATIONS = YES;
				CLANG_WARN_DIRECT_OBJC_ISA_USAGE = YES_ERROR;
				CLANG_WARN_DOCUMENTATION_COMMENTS = YES;
				CLANG_WARN_EMPTY_BODY = YES;
				CLANG_WARN_ENUM_CONVERSION = YES;
				CLANG_WARN_INFINITE_RECURSION = YES;
				CLANG_WARN_INT_CONVERSION = YES;
				CLANG_WARN_NON_LITERAL_NULL_CONVERSION = YES;
				CLANG_WARN_OBJC_IMPLICIT_RETAIN_SELF = YES;
				CLANG_WARN_OBJC_LITERAL_CONVERSION = YES;
				CLANG_WARN_OBJC_ROOT_CLASS = YES_ERROR;
				CLANG_WARN_RANGE_LOOP_ANALYSIS = YES;
				CLANG_WARN_STRICT_PROTOTYPES = YES;
				CLANG_WARN_SUSPICIOUS_MOVE = YES;
				CLANG_WARN_UNGUARDED_AVAILABILITY = YES_AGGRESSIVE;
				CLANG_WARN_UNREACHABLE_CODE = YES;
				CLANG_WARN__DUPLICATE_METHOD_MATCH = YES;
				CODE_SIGN_IDENTITY = "iPhone Developer";
				COPY_PHASE_STRIP = NO;
				DEBUG_INFORMATION_FORMAT = dwarf;
				ENABLE_STRICT_OBJC_MSGSEND = YES;
				ENABLE_TESTABILITY = YES;
				GCC_C_LANGUAGE_STANDARD = gnu11;
				GCC_DYNAMIC_NO_PIC = NO;
				GCC_NO_COMMON_BLOCKS = YES;
				GCC_OPTIMIZATION_LEVEL = 0;
				GCC_PREPROCESSOR_DEFINITIONS = (
					"DEBUG=1",
					"$(inherited)",
				);
				GCC_WARN_64_TO_32_BIT_CONVERSION = YES;
				GCC_WARN_ABOUT_RETURN_TYPE = YES_ERROR;
				GCC_WARN_UNDECLARED_SELECTOR = YES;
				GCC_WARN_UNINITIALIZED_AUTOS = YES_AGGRESSIVE;
				GCC_WARN_UNUSED_FUNCTION = YES;
				GCC_WARN_UNUSED_VARIABLE = YES;
				IPHONEOS_DEPLOYMENT_TARGET = 12.2;
				MTL_ENABLE_DEBUG_INFO = INCLUDE_SOURCE;
				MTL_FAST_MATH = YES;
				ONLY_ACTIVE_ARCH = YES;
				SDKROOT = iphoneos;
				SWIFT_ACTIVE_COMPILATION_CONDITIONS = DEBUG;
				SWIFT_OPTIMIZATION_LEVEL = "-Onone";
			};
			name = Debug;
		};
		1307C07B22ABC8430073DF6A /* Release */ = {
			isa = XCBuildConfiguration;
			buildSettings = {
				ALWAYS_SEARCH_USER_PATHS = NO;
				CLANG_ANALYZER_NONNULL = YES;
				CLANG_ANALYZER_NUMBER_OBJECT_CONVERSION = YES_AGGRESSIVE;
				CLANG_CXX_LANGUAGE_STANDARD = "gnu++14";
				CLANG_CXX_LIBRARY = "libc++";
				CLANG_ENABLE_MODULES = YES;
				CLANG_ENABLE_OBJC_ARC = YES;
				CLANG_ENABLE_OBJC_WEAK = YES;
				CLANG_WARN_BLOCK_CAPTURE_AUTORELEASING = YES;
				CLANG_WARN_BOOL_CONVERSION = YES;
				CLANG_WARN_COMMA = YES;
				CLANG_WARN_CONSTANT_CONVERSION = YES;
				CLANG_WARN_DEPRECATED_OBJC_IMPLEMENTATIONS = YES;
				CLANG_WARN_DIRECT_OBJC_ISA_USAGE = YES_ERROR;
				CLANG_WARN_DOCUMENTATION_COMMENTS = YES;
				CLANG_WARN_EMPTY_BODY = YES;
				CLANG_WARN_ENUM_CONVERSION = YES;
				CLANG_WARN_INFINITE_RECURSION = YES;
				CLANG_WARN_INT_CONVERSION = YES;
				CLANG_WARN_NON_LITERAL_NULL_CONVERSION = YES;
				CLANG_WARN_OBJC_IMPLICIT_RETAIN_SELF = YES;
				CLANG_WARN_OBJC_LITERAL_CONVERSION = YES;
				CLANG_WARN_OBJC_ROOT_CLASS = YES_ERROR;
				CLANG_WARN_RANGE_LOOP_ANALYSIS = YES;
				CLANG_WARN_STRICT_PROTOTYPES = YES;
				CLANG_WARN_SUSPICIOUS_MOVE = YES;
				CLANG_WARN_UNGUARDED_AVAILABILITY = YES_AGGRESSIVE;
				CLANG_WARN_UNREACHABLE_CODE = YES;
				CLANG_WARN__DUPLICATE_METHOD_MATCH = YES;
				CODE_SIGN_IDENTITY = "iPhone Developer";
				COPY_PHASE_STRIP = NO;
				DEBUG_INFORMATION_FORMAT = "dwarf-with-dsym";
				ENABLE_NS_ASSERTIONS = NO;
				ENABLE_STRICT_OBJC_MSGSEND = YES;
				GCC_C_LANGUAGE_STANDARD = gnu11;
				GCC_NO_COMMON_BLOCKS = YES;
				GCC_WARN_64_TO_32_BIT_CONVERSION = YES;
				GCC_WARN_ABOUT_RETURN_TYPE = YES_ERROR;
				GCC_WARN_UNDECLARED_SELECTOR = YES;
				GCC_WARN_UNINITIALIZED_AUTOS = YES_AGGRESSIVE;
				GCC_WARN_UNUSED_FUNCTION = YES;
				GCC_WARN_UNUSED_VARIABLE = YES;
				IPHONEOS_DEPLOYMENT_TARGET = 12.2;
				MTL_ENABLE_DEBUG_INFO = NO;
				MTL_FAST_MATH = YES;
				SDKROOT = iphoneos;
				SWIFT_COMPILATION_MODE = wholemodule;
				SWIFT_OPTIMIZATION_LEVEL = "-O";
				VALIDATE_PRODUCT = YES;
			};
			name = Release;
		};
		1307C07D22ABC8430073DF6A /* Debug */ = {
			isa = XCBuildConfiguration;
			buildSettings = {
				ASSETCATALOG_COMPILER_APPICON_NAME = AppIcon;
				CODE_SIGN_STYLE = Manual;
				DEVELOPMENT_TEAM = "";
				INFOPLIST_FILE = MediaMonksExercise/Info.plist;
				LD_RUNPATH_SEARCH_PATHS = (
					"$(inherited)",
					"@executable_path/Frameworks",
				);
				PRODUCT_BUNDLE_IDENTIFIER = com.AmpleSolution.MediaMonksExercise;
				PRODUCT_NAME = "$(TARGET_NAME)";
				PROVISIONING_PROFILE_SPECIFIER = "";
				SWIFT_VERSION = 5.0;
				TARGETED_DEVICE_FAMILY = "1,2";
			};
			name = Debug;
		};
		1307C07E22ABC8430073DF6A /* Release */ = {
			isa = XCBuildConfiguration;
			buildSettings = {
				ASSETCATALOG_COMPILER_APPICON_NAME = AppIcon;
				CODE_SIGN_STYLE = Manual;
				DEVELOPMENT_TEAM = "";
				INFOPLIST_FILE = MediaMonksExercise/Info.plist;
				LD_RUNPATH_SEARCH_PATHS = (
					"$(inherited)",
					"@executable_path/Frameworks",
				);
				PRODUCT_BUNDLE_IDENTIFIER = com.AmpleSolution.MediaMonksExercise;
				PRODUCT_NAME = "$(TARGET_NAME)";
				PROVISIONING_PROFILE_SPECIFIER = "";
				SWIFT_VERSION = 5.0;
				TARGETED_DEVICE_FAMILY = "1,2";
			};
			name = Release;
		};
/* End XCBuildConfiguration section */

/* Begin XCConfigurationList section */
		1307C06522ABC83E0073DF6A /* Build configuration list for PBXProject "MediaMonksExercise" */ = {
			isa = XCConfigurationList;
			buildConfigurations = (
				1307C07A22ABC8430073DF6A /* Debug */,
				1307C07B22ABC8430073DF6A /* Release */,
			);
			defaultConfigurationIsVisible = 0;
			defaultConfigurationName = Release;
		};
		1307C07C22ABC8430073DF6A /* Build configuration list for PBXNativeTarget "MediaMonksExercise" */ = {
			isa = XCConfigurationList;
			buildConfigurations = (
				1307C07D22ABC8430073DF6A /* Debug */,
				1307C07E22ABC8430073DF6A /* Release */,
			);
			defaultConfigurationIsVisible = 0;
			defaultConfigurationName = Release;
		};
/* End XCConfigurationList section */
	};
	rootObject = 1307C06222ABC83E0073DF6A /* Project object */;
}
